[{<<"common">>,
  {git,"https://github.com/joq62/common.git",
       {ref,"2a6ba74b1682c6970b0ae6ee9094add780348feb"}},
  0},
 {<<"db_etcd">>,
  {git,"https://github.com/joq62/db_etcd.git",
       {ref,"7843f09d5e949cfa70ed5bcfc0d6400818d19e2d"}},
  0},
 {<<"infra_service">>,
  {git,"https://github.com/joq62/infra_service.git",
       {ref,"823d8ae6e13f8823f9070863f6b35052e59918fa"}},
  0},
 {<<"nodelog">>,
  {git,"https://github.com/joq62/nodelog.git",
       {ref,"73fdf8b5c8b83ee26cf678a6a7603c81bb1a28a5"}},
  0},
 {<<"sd">>,
  {git,"https://github.com/joq62/sd.git",
       {ref,"0a1506b2d69a417a55ffa2d2d84cce6ef88fb719"}},
  0}].
