[{<<"common">>,
  {git,"https://github.com/joq62/common.git",
       {ref,"2a6ba74b1682c6970b0ae6ee9094add780348feb"}},
  0},
 {<<"db_etcd">>,
  {git,"https://github.com/joq62/db_etcd.git",
       {ref,"6b16893392e73cfbfb457ff3d908ec9dd1ffad88"}},
  0},
 {<<"nodelog">>,
  {git,"https://github.com/joq62/nodelog.git",
       {ref,"9acf4caa12797dee468990c8f82f967db147c38d"}},
  0},
 {<<"sd">>,
  {git,"https://github.com/joq62/sd.git",
       {ref,"0a1506b2d69a417a55ffa2d2d84cce6ef88fb719"}},
  0}].
